PODS:
  - FlutterMacOS (1.0.0)
  - syntax_highlighter_plus (0.0.1):
    - FlutterMacOS

DEPENDENCIES:
  - FlutterMacOS (from `Flutter/ephemeral`)
  - syntax_highlighter_plus (from `Flutter/ephemeral/.symlinks/plugins/syntax_highlighter_plus/macos`)

EXTERNAL SOURCES:
  FlutterMacOS:
    :path: Flutter/ephemeral
  syntax_highlighter_plus:
    :path: Flutter/ephemeral/.symlinks/plugins/syntax_highlighter_plus/macos

SPEC CHECKSUMS:
  FlutterMacOS: d0db08ddef1a9af05a5ec4b724367152bb0500b1
  syntax_highlighter_plus: ed1c153d56c034dc38f79e272be4640afcb1b5fd

PODFILE CHECKSUM: 54d867c82ac51cbd61b565781b9fada492027009

COCOAPODS: 1.16.2
